
Microsoft Visual Studio Solution File, Format Version 12.00
# Visual Studio Version 16
VisualStudioVersion = 16.0.30114.105
MinimumVisualStudioVersion = 10.0.40219.1
Project("{FAE04EC0-301F-11D3-BF4B-00C04F79EFBC}") = "ExtensibleFtp", "ExtensibleFtp\ExtensibleFtp.csproj", "{FB955FE1-0B1A-45F7-A8AE-2ACE68D25AF6}"
EndProject
Project("{FAE04EC0-301F-11D3-BF4B-00C04F79EFBC}") = "TestServer", "TestServer\TestServer.csproj", "{76F2A888-4246-4150-9703-10CD0B4D517B}"
EndProject
Global
	GlobalSection(SolutionConfigurationPlatforms) = preSolution
		Debug|Any CPU = Debug|Any CPU
		Release|Any CPU = Release|Any CPU
	EndGlobalSection
	GlobalSection(ProjectConfigurationPlatforms) = postSolution
		{FB955FE1-0B1A-45F7-A8AE-2ACE68D25AF6}.Debug|Any CPU.ActiveCfg = Debug|Any CPU
		{FB955FE1-0B1A-45F7-A8AE-2ACE68D25AF6}.Debug|Any CPU.Build.0 = Debug|Any CPU
		{FB955FE1-0B1A-45F7-A8AE-2ACE68D25AF6}.Release|Any CPU.ActiveCfg = Release|Any CPU
		{FB955FE1-0B1A-45F7-A8AE-2ACE68D25AF6}.Release|Any CPU.Build.0 = Release|Any CPU
		{76F2A888-4246-4150-9703-10CD0B4D517B}.Debug|Any CPU.ActiveCfg = Debug|Any CPU
		{76F2A888-4246-4150-9703-10CD0B4D517B}.Debug|Any CPU.Build.0 = Debug|Any CPU
		{76F2A888-4246-4150-9703-10CD0B4D517B}.Release|Any CPU.ActiveCfg = Release|Any CPU
		{76F2A888-4246-4150-9703-10CD0B4D517B}.Release|Any CPU.Build.0 = Release|Any CPU
	EndGlobalSection
	GlobalSection(SolutionProperties) = preSolution
		HideSolutionNode = FALSE
	EndGlobalSection
	GlobalSection(ExtensibilityGlobals) = postSolution
		SolutionGuid = {5870F681-3BB8-4881-BCB1-F84C30138878}
	EndGlobalSection
EndGlobal
